
Microsoft Visual Studio Solution File, Format Version 12.00
# Visual Studio 15
VisualStudioVersion = 15.0.27703.2018
MinimumVisualStudioVersion = 10.0.40219.1
Project("{FAE04EC0-301F-11D3-BF4B-00C04F79EFBC}") = "TraktDesktop", "TraktDesktop\TraktDesktop.csproj", "{EBEAB13B-3BA4-4FD7-A564-394E6E84324D}"
EndProject
Global
	GlobalSection(SolutionConfigurationPlatforms) = preSolution
		Debug|Any CPU = Debug|Any CPU
		Release|Any CPU = Release|Any CPU
	EndGlobalSection
	GlobalSection(ProjectConfigurationPlatforms) = postSolution
		{EBEAB13B-3BA4-4FD7-A564-394E6E84324D}.Debug|Any CPU.ActiveCfg = Debug|Any CPU
		{EBEAB13B-3BA4-4FD7-A564-394E6E84324D}.Debug|Any CPU.Build.0 = Debug|Any CPU
		{EBEAB13B-3BA4-4FD7-A564-394E6E84324D}.Release|Any CPU.ActiveCfg = Release|Any CPU
		{EBEAB13B-3BA4-4FD7-A564-394E6E84324D}.Release|Any CPU.Build.0 = Release|Any CPU
	EndGlobalSection
	GlobalSection(SolutionProperties) = preSolution
		HideSolutionNode = FALSE
	EndGlobalSection
	GlobalSection(ExtensibilityGlobals) = postSolution
		SolutionGuid = {40CA044E-5F9E-49F1-B182-3DDB28078FD2}
	EndGlobalSection
EndGlobal
